
Microsoft Visual Studio Solution File, Format Version 12.00
# Visual Studio Version 17
VisualStudioVersion = 17.0.32014.148
MinimumVisualStudioVersion = 10.0.40219.1
Project("{9A19103F-16F7-4668-BE54-9A1E7A4F7556}") = "DanmakuR", "DanmakuR\DanmakuR.csproj", "{D18FA492-373D-48E9-A5FB-85611278E2C4}"
EndProject
Project("{FAE04EC0-301F-11D3-BF4B-00C04F79EFBC}") = "DanmakuRTests", "DanmakuRTests\DanmakuRTests.csproj", "{B128247C-2F43-4F8D-9DEA-9C814BA91479}"
EndProject
Global
	GlobalSection(SolutionConfigurationPlatforms) = preSolution
		Debug|Any CPU = Debug|Any CPU
		Release|Any CPU = Release|Any CPU
	EndGlobalSection
	GlobalSection(ProjectConfigurationPlatforms) = postSolution
		{D18FA492-373D-48E9-A5FB-85611278E2C4}.Debug|Any CPU.ActiveCfg = Debug|Any CPU
		{D18FA492-373D-48E9-A5FB-85611278E2C4}.Debug|Any CPU.Build.0 = Debug|Any CPU
		{D18FA492-373D-48E9-A5FB-85611278E2C4}.Release|Any CPU.ActiveCfg = Release|Any CPU
		{D18FA492-373D-48E9-A5FB-85611278E2C4}.Release|Any CPU.Build.0 = Release|Any CPU
		{B128247C-2F43-4F8D-9DEA-9C814BA91479}.Debug|Any CPU.ActiveCfg = Debug|Any CPU
		{B128247C-2F43-4F8D-9DEA-9C814BA91479}.Debug|Any CPU.Build.0 = Debug|Any CPU
		{B128247C-2F43-4F8D-9DEA-9C814BA91479}.Release|Any CPU.ActiveCfg = Release|Any CPU
		{B128247C-2F43-4F8D-9DEA-9C814BA91479}.Release|Any CPU.Build.0 = Release|Any CPU
	EndGlobalSection
	GlobalSection(SolutionProperties) = preSolution
		HideSolutionNode = FALSE
	EndGlobalSection
	GlobalSection(ExtensibilityGlobals) = postSolution
		SolutionGuid = {C8F1BEA1-E40B-4AE2-AA36-2FB000D8888F}
	EndGlobalSection
EndGlobal
