
Microsoft Visual Studio Solution File, Format Version 12.00
# Visual Studio Version 17
VisualStudioVersion = 17.0.32014.148
MinimumVisualStudioVersion = 10.0.40219.1
Project("{9A19103F-16F7-4668-BE54-9A1E7A4F7556}") = "DanmakuR", "DanmakuR\DanmakuR.csproj", "{D18FA492-373D-48E9-A5FB-85611278E2C4}"
EndProject
Project("{9A19103F-16F7-4668-BE54-9A1E7A4F7556}") = "DanmakuRTests", "DanmakuRTests\DanmakuRTests.csproj", "{B128247C-2F43-4F8D-9DEA-9C814BA91479}"
EndProject
Project("{9A19103F-16F7-4668-BE54-9A1E7A4F7556}") = "DanmakuR.Protocol", "DanmakuR.Protocol\DanmakuR.Protocol.csproj", "{C021F43D-831E-4375-A460-CABF435F2A6C}"
EndProject
Project("{2150E333-8FDC-42A3-9474-1A3956D46DE8}") = "怪东西", "怪东西", "{7313F5A9-4796-4EDA-B0F7-1198F5DC25B9}"
	ProjectSection(SolutionItems) = preProject
		.gitattributes = .gitattributes
		.gitignore = .gitignore
		Directory.Build.props = Directory.Build.props
		LICENSE.txt = LICENSE.txt
		README.md = README.md
	EndProjectSection
EndProject
Project("{9A19103F-16F7-4668-BE54-9A1E7A4F7556}") = "DanmakuR.Connection", "DanmakuR.Connection\DanmakuR.Connection.csproj", "{195F2E7D-7B8C-433F-BF3D-1714B0F591BF}"
EndProject
Project("{2150E333-8FDC-42A3-9474-1A3956D46DE8}") = "参考资料", "参考资料", "{BD706D17-B6EA-4DB7-AFE5-338BFA6A7168}"
	ProjectSection(SolutionItems) = preProject
		ref\apis.txt = ref\apis.txt
		ref\connection\command_types.ts = ref\connection\command_types.ts
		ref\connection\connection.ts = ref\connection\connection.ts
		ref\connection\constants.ts = ref\connection\constants.ts
		credits.txt = credits.txt
		ref\connection\frameheaderdef.ts = ref\connection\frameheaderdef.ts
		ref\connection\utilities.ts = ref\connection\utilities.ts
	EndProjectSection
EndProject
Project("{9A19103F-16F7-4668-BE54-9A1E7A4F7556}") = "DanmakuR.Protocol.Tests", "DanmakuR.Protocol.Tests\DanmakuR.Protocol.Tests.csproj", "{17FEE2D6-2441-497A-86C0-DCA081E6A481}"
EndProject
Project("{9A19103F-16F7-4668-BE54-9A1E7A4F7556}") = "DanmakuR.HandshakeProxy", "DanmakuR.HandshakeProxy\DanmakuR.HandshakeProxy.csproj", "{19C2884D-9AE4-4B06-8D4A-4AF6B2CF7A0C}"
EndProject
Project("{9A19103F-16F7-4668-BE54-9A1E7A4F7556}") = "DanmakuR.HandshakeProxy.Tests", "DanmakuR.HandshakeProxy.Tests\DanmakuR.HandshakeProxy.Tests.csproj", "{1B67991B-5310-43F7-BF7F-F7060C278E3E}"
EndProject
Project("{9A19103F-16F7-4668-BE54-9A1E7A4F7556}") = "DanmakuR.BLiveClient", "DanmakuR.BLiveClient\DanmakuR.BLiveClient.csproj", "{3D61D880-A064-455E-9ED1-3E2E816D186E}"
EndProject
Project("{9A19103F-16F7-4668-BE54-9A1E7A4F7556}") = "DanmakuR.BLive.PseudoServer", "DanmakuR.BLive.PseudoServer\DanmakuR.BLive.PseudoServer.csproj", "{39A5D2BE-41CF-4ACA-8A4F-98FF2FB1163D}"
EndProject
Project("{9A19103F-16F7-4668-BE54-9A1E7A4F7556}") = "DanmakuR.Connection.Kestrel", "DanmakuR.Connection.Kestrel\DanmakuR.Connection.Kestrel.csproj", "{07315FF0-AB17-4A0C-A3B9-4515704B503C}"
EndProject
Global
	GlobalSection(SolutionConfigurationPlatforms) = preSolution
		Debug|Any CPU = Debug|Any CPU
		Release|Any CPU = Release|Any CPU
	EndGlobalSection
	GlobalSection(ProjectConfigurationPlatforms) = postSolution
		{D18FA492-373D-48E9-A5FB-85611278E2C4}.Debug|Any CPU.ActiveCfg = Debug|Any CPU
		{D18FA492-373D-48E9-A5FB-85611278E2C4}.Debug|Any CPU.Build.0 = Debug|Any CPU
		{D18FA492-373D-48E9-A5FB-85611278E2C4}.Release|Any CPU.ActiveCfg = Release|Any CPU
		{D18FA492-373D-48E9-A5FB-85611278E2C4}.Release|Any CPU.Build.0 = Release|Any CPU
		{B128247C-2F43-4F8D-9DEA-9C814BA91479}.Debug|Any CPU.ActiveCfg = Debug|Any CPU
		{B128247C-2F43-4F8D-9DEA-9C814BA91479}.Debug|Any CPU.Build.0 = Debug|Any CPU
		{B128247C-2F43-4F8D-9DEA-9C814BA91479}.Release|Any CPU.ActiveCfg = Release|Any CPU
		{B128247C-2F43-4F8D-9DEA-9C814BA91479}.Release|Any CPU.Build.0 = Release|Any CPU
		{C021F43D-831E-4375-A460-CABF435F2A6C}.Debug|Any CPU.ActiveCfg = Debug|Any CPU
		{C021F43D-831E-4375-A460-CABF435F2A6C}.Debug|Any CPU.Build.0 = Debug|Any CPU
		{C021F43D-831E-4375-A460-CABF435F2A6C}.Release|Any CPU.ActiveCfg = Release|Any CPU
		{C021F43D-831E-4375-A460-CABF435F2A6C}.Release|Any CPU.Build.0 = Release|Any CPU
		{195F2E7D-7B8C-433F-BF3D-1714B0F591BF}.Debug|Any CPU.ActiveCfg = Debug|Any CPU
		{195F2E7D-7B8C-433F-BF3D-1714B0F591BF}.Debug|Any CPU.Build.0 = Debug|Any CPU
		{195F2E7D-7B8C-433F-BF3D-1714B0F591BF}.Release|Any CPU.ActiveCfg = Release|Any CPU
		{195F2E7D-7B8C-433F-BF3D-1714B0F591BF}.Release|Any CPU.Build.0 = Release|Any CPU
		{17FEE2D6-2441-497A-86C0-DCA081E6A481}.Debug|Any CPU.ActiveCfg = Debug|Any CPU
		{17FEE2D6-2441-497A-86C0-DCA081E6A481}.Debug|Any CPU.Build.0 = Debug|Any CPU
		{17FEE2D6-2441-497A-86C0-DCA081E6A481}.Release|Any CPU.ActiveCfg = Release|Any CPU
		{17FEE2D6-2441-497A-86C0-DCA081E6A481}.Release|Any CPU.Build.0 = Release|Any CPU
		{19C2884D-9AE4-4B06-8D4A-4AF6B2CF7A0C}.Debug|Any CPU.ActiveCfg = Debug|Any CPU
		{19C2884D-9AE4-4B06-8D4A-4AF6B2CF7A0C}.Debug|Any CPU.Build.0 = Debug|Any CPU
		{19C2884D-9AE4-4B06-8D4A-4AF6B2CF7A0C}.Release|Any CPU.ActiveCfg = Release|Any CPU
		{19C2884D-9AE4-4B06-8D4A-4AF6B2CF7A0C}.Release|Any CPU.Build.0 = Release|Any CPU
		{1B67991B-5310-43F7-BF7F-F7060C278E3E}.Debug|Any CPU.ActiveCfg = Debug|Any CPU
		{1B67991B-5310-43F7-BF7F-F7060C278E3E}.Debug|Any CPU.Build.0 = Debug|Any CPU
		{1B67991B-5310-43F7-BF7F-F7060C278E3E}.Release|Any CPU.ActiveCfg = Release|Any CPU
		{1B67991B-5310-43F7-BF7F-F7060C278E3E}.Release|Any CPU.Build.0 = Release|Any CPU
		{3D61D880-A064-455E-9ED1-3E2E816D186E}.Debug|Any CPU.ActiveCfg = Debug|Any CPU
		{3D61D880-A064-455E-9ED1-3E2E816D186E}.Debug|Any CPU.Build.0 = Debug|Any CPU
		{3D61D880-A064-455E-9ED1-3E2E816D186E}.Release|Any CPU.ActiveCfg = Release|Any CPU
		{3D61D880-A064-455E-9ED1-3E2E816D186E}.Release|Any CPU.Build.0 = Release|Any CPU
		{39A5D2BE-41CF-4ACA-8A4F-98FF2FB1163D}.Debug|Any CPU.ActiveCfg = Debug|Any CPU
		{39A5D2BE-41CF-4ACA-8A4F-98FF2FB1163D}.Debug|Any CPU.Build.0 = Debug|Any CPU
		{39A5D2BE-41CF-4ACA-8A4F-98FF2FB1163D}.Release|Any CPU.ActiveCfg = Release|Any CPU
		{39A5D2BE-41CF-4ACA-8A4F-98FF2FB1163D}.Release|Any CPU.Build.0 = Release|Any CPU
		{07315FF0-AB17-4A0C-A3B9-4515704B503C}.Debug|Any CPU.ActiveCfg = Debug|Any CPU
		{07315FF0-AB17-4A0C-A3B9-4515704B503C}.Debug|Any CPU.Build.0 = Debug|Any CPU
		{07315FF0-AB17-4A0C-A3B9-4515704B503C}.Release|Any CPU.ActiveCfg = Release|Any CPU
		{07315FF0-AB17-4A0C-A3B9-4515704B503C}.Release|Any CPU.Build.0 = Release|Any CPU
	EndGlobalSection
	GlobalSection(SolutionProperties) = preSolution
		HideSolutionNode = FALSE
	EndGlobalSection
	GlobalSection(ExtensibilityGlobals) = postSolution
		SolutionGuid = {C8F1BEA1-E40B-4AE2-AA36-2FB000D8888F}
	EndGlobalSection
EndGlobal
